# This file is automatically @generated by Cargo.
# It is not intended for manual editing.
version = 4

[[package]]
name = "adler2"
version = "2.0.1"
source = "registry+https://github.com/rust-lang/crates.io-index"
checksum = "320119579fcad9c21884f5c4861d16174d0e06250625266f50fe6898340abefa"

[[package]]
name = "agb"
version = "0.23.1"
source = "registry+https://github.com/rust-lang/crates.io-index"
checksum = "8f82890a21e1b80ed4cf32487ed08691e90b42c7e36b3a85c8b82d4319e6b7eb"
dependencies = [
 "agb_fixnum",
 "agb_hashmap",
 "agb_image_converter",
 "agb_macros",
 "agb_save",
 "agb_sound_converter",
 "bilge",
 "critical-section",
 "once_cell",
 "portable-atomic",
 "qrcodegen-no-heap",
 "serde",
]

[[package]]
name = "agb_fixnum"
version = "0.23.1"
source = "registry+https://github.com/rust-lang/crates.io-index"
checksum = "4cab9f0be30139b28ca818cb0b3f13b64ea45c657bd5aa28cde40ff5a5f48b78"
dependencies = [
 "const_soft_float",
 "num-traits",
 "quote",
 "serde",
 "typewit",
]

[[package]]
name = "agb_hashmap"
version = "0.23.1"
source = "registry+https://github.com/rust-lang/crates.io-index"
checksum = "af833f0741bd0837c596aec2ece5666658a54737dbce59d5032c01cc8d7ac8ba"
dependencies = [
 "rustc-hash",
 "serde",
]

[[package]]
name = "agb_image_converter"
version = "0.23.1"
source = "registry+https://github.com/rust-lang/crates.io-index"
checksum = "9e734785d954fb1bc8e90bd96ea74608612fabd048824f8c65a3e3368afe81b9"
dependencies = [
 "asefile",
 "fontdue",
 "image",
 "pagination-packing",
 "proc-macro2",
 "quote",
 "snafu",
 "syn",
]

[[package]]
name = "agb_macros"
version = "0.23.1"
source = "registry+https://github.com/rust-lang/crates.io-index"
checksum = "71baacd13fa836201d6591673d573a813b8ee2efc33f1137df90320cbd8ab5e3"
dependencies = [
 "proc-macro2",
 "quote",
 "syn",
]

[[package]]
name = "agb_save"
version = "0.23.1"
source = "registry+https://github.com/rust-lang/crates.io-index"
checksum = "ec10f0eb65287c68b61ba5c83bcd1f24cd8c1fbf514771a28184e830d648990c"
dependencies = [
 "crc16",
 "postcard",
 "serde",
]

[[package]]
name = "agb_sound_converter"
version = "0.23.1"
source = "registry+https://github.com/rust-lang/crates.io-index"
checksum = "08c27fa374177a02e751b0e390da8ec79339990dd7439db0ada56aef5df0dd31"
dependencies = [
 "hound",
 "proc-macro2",
 "quote",
 "syn",
]

[[package]]
name = "agb_template"
version = "0.1.0"
dependencies = [
 "agb",
]

[[package]]
name = "allocator-api2"
version = "0.2.21"
source = "registry+https://github.com/rust-lang/crates.io-index"
checksum = "683d7910e743518b0e34f1186f92494becacb047c7b6bf616c96772180fef923"

[[package]]
name = "arbitrary-int"
version = "2.1.1"
source = "registry+https://github.com/rust-lang/crates.io-index"
checksum = "993a810118f8f37e9c4411c86f1c4c940a09a7ab34b7bf2d88d06f50c553fab7"

[[package]]
name = "asefile"
version = "0.3.8"
source = "registry+https://github.com/rust-lang/crates.io-index"
checksum = "556cab74f613f2bcf3ab5dc5bbd2220fe2e1a4e7380fbaff96c5333a117066b4"
dependencies = [
 "bitflags 2.11.1",
 "byteorder",
 "flate2",
 "image",
 "log",
 "nohash",
]

[[package]]
name = "autocfg"
version = "1.5.1"
source = "registry+https://github.com/rust-lang/crates.io-index"
checksum = "f2032f911046de80f0a198e0901378627c33f59ea0ac00e363d481118bd70a53"

[[package]]
name = "bilge"
version = "0.3.0"
source = "registry+https://github.com/rust-lang/crates.io-index"
checksum = "279c74986684d5cc7bbbd079aa448e8f852992cd385d85bb3a37e374c087b065"
dependencies = [
 "arbitrary-int",
 "bilge-impl",
]

[[package]]
name = "bilge-impl"
version = "0.3.0"
source = "registry+https://github.com/rust-lang/crates.io-index"
checksum = "a1176e49f42fe135cd2b56465e4f7d07038d3728f5e9f27fb2f08ed3fef75339"
dependencies = [
 "itertools",
 "proc-macro-error2",
 "proc-macro2",
 "quote",
 "syn",
]

[[package]]
name = "bitflags"
version = "1.3.2"
source = "registry+https://github.com/rust-lang/crates.io-index"
checksum = "bef38d45163c2f1dde094a7dfd33ccf595c92905c8f8f4fdc18d06fb1037718a"

[[package]]
name = "bitflags"
version = "2.11.1"
source = "registry+https://github.com/rust-lang/crates.io-index"
checksum = "c4512299f36f043ab09a583e57bceb5a5aab7a73db1805848e8fef3c9e8c78b3"

[[package]]
name = "bytemuck"
version = "1.25.0"
source = "registry+https://github.com/rust-lang/crates.io-index"
checksum = "c8efb64bd706a16a1bdde310ae86b351e4d21550d98d056f22f8a7f7a2183fec"

[[package]]
name = "byteorder"
version = "1.5.0"
source = "registry+https://github.com/rust-lang/crates.io-index"
checksum = "1fd0f2584146f6f2ef48085050886acf353beff7305ebd1ae69500e27c67f64b"

[[package]]
name = "cfg-if"
version = "1.0.4"
source = "registry+https://github.com/rust-lang/crates.io-index"
checksum = "9330f8b2ff13f34540b44e946ef35111825727b38d33286ef986142615121801"

[[package]]
name = "cobs"
version = "0.3.0"
source = "registry+https://github.com/rust-lang/crates.io-index"
checksum = "0fa961b519f0b462e3a3b4a34b64d119eeaca1d59af726fe450bbba07a9fc0a1"
dependencies = [
 "thiserror",
]

[[package]]
name = "color_quant"
version = "1.1.0"
source = "registry+https://github.com/rust-lang/crates.io-index"
checksum = "3d7b894f5411737b7867f4827955924d7c254fc9f4d91a6aad6b097804b1018b"

[[package]]
name = "const_soft_float"
version = "0.1.4"
source = "registry+https://github.com/rust-lang/crates.io-index"
checksum = "87ca1caa64ef4ed453e68bb3db612e51cf1b2f5b871337f0fcab1c8f87cc3dff"

[[package]]
name = "crc16"
version = "0.4.0"
source = "registry+https://github.com/rust-lang/crates.io-index"
checksum = "338089f42c427b86394a5ee60ff321da23a5c89c9d89514c829687b26359fcff"

[[package]]
name = "crc32fast"
version = "1.5.0"
source = "registry+https://github.com/rust-lang/crates.io-index"
checksum = "9481c1c90cbf2ac953f07c8d4a58aa3945c425b7185c9154d67a65e4230da511"
dependencies = [
 "cfg-if",
]

[[package]]
name = "critical-section"
version = "1.2.0"
source = "registry+https://github.com/rust-lang/crates.io-index"
checksum = "790eea4361631c5e7d22598ecd5723ff611904e3344ce8720784c93e3d83d40b"

[[package]]
name = "either"
version = "1.16.0"
source = "registry+https://github.com/rust-lang/crates.io-index"
checksum = "91622ff5e7162018101f2fea40d6ebf4a78bbe5a49736a2020649edf9693679e"

[[package]]
name = "embedded-io"
version = "0.4.0"
source = "registry+https://github.com/rust-lang/crates.io-index"
checksum = "ef1a6892d9eef45c8fa6b9e0086428a2cca8491aca8f787c534a3d6d0bcb3ced"

[[package]]
name = "embedded-io"
version = "0.6.1"
source = "registry+https://github.com/rust-lang/crates.io-index"
checksum = "edd0f118536f44f5ccd48bcb8b111bdc3de888b58c74639dfb034a357d0f206d"

[[package]]
name = "equivalent"
version = "1.0.2"
source = "registry+https://github.com/rust-lang/crates.io-index"
checksum = "877a4ace8713b0bcf2a4e7eec82529c029f1d0619886d18145fea96c3ffe5c0f"

[[package]]
name = "fdeflate"
version = "0.3.7"
source = "registry+https://github.com/rust-lang/crates.io-index"
checksum = "1e6853b52649d4ac5c0bd02320cddc5ba956bdb407c4b75a2c6b75bf51500f8c"
dependencies = [
 "simd-adler32",
]

[[package]]
name = "flate2"
version = "1.1.9"
source = "registry+https://github.com/rust-lang/crates.io-index"
checksum = "843fba2746e448b37e26a819579957415c8cef339bf08564fe8b7ddbd959573c"
dependencies = [
 "crc32fast",
 "miniz_oxide",
]

[[package]]
name = "foldhash"
version = "0.1.5"
source = "registry+https://github.com/rust-lang/crates.io-index"
checksum = "d9c4f5dac5e15c24eb999c26181a6ca40b39fe946cbe4c263c7209467bc83af2"

[[package]]
name = "fontdue"
version = "0.9.3"
source = "registry+https://github.com/rust-lang/crates.io-index"
checksum = "2e57e16b3fe8ff4364c0661fdaac543fb38b29ea9bc9c2f45612d90adf931d2b"
dependencies = [
 "hashbrown",
 "ttf-parser",
]

[[package]]
name = "hashbrown"
version = "0.15.5"
source = "registry+https://github.com/rust-lang/crates.io-index"
checksum = "9229cfe53dfd69f0609a49f65461bd93001ea1ef889cd5529dd176593f5338a1"
dependencies = [
 "allocator-api2",
 "equivalent",
 "foldhash",
]

[[package]]
name = "heck"
version = "0.5.0"
source = "registry+https://github.com/rust-lang/crates.io-index"
checksum = "2304e00983f87ffb38b55b444b5e3b60a884b5d30c0fca7d82fe33449bbe55ea"

[[package]]
name = "hound"
version = "3.5.1"
source = "registry+https://github.com/rust-lang/crates.io-index"
checksum = "62adaabb884c94955b19907d60019f4e145d091c75345379e70d1ee696f7854f"

[[package]]
name = "image"
version = "0.24.9"
source = "registry+https://github.com/rust-lang/crates.io-index"
checksum = "5690139d2f55868e080017335e4b94cb7414274c74f1669c84fb5feba2c9f69d"
dependencies = [
 "bytemuck",
 "byteorder",
 "color_quant",
 "num-traits",
 "png",
]

[[package]]
name = "itertools"
version = "0.14.0"
source = "registry+https://github.com/rust-lang/crates.io-index"
checksum = "2b192c782037fadd9cfa75548310488aabdbf3d2da73885b31bd0abd03351285"
dependencies = [
 "either",
]

[[package]]
name = "log"
version = "0.4.29"
source = "registry+https://github.com/rust-lang/crates.io-index"
checksum = "5e5032e24019045c762d3c0f28f5b6b8bbf38563a65908389bf7978758920897"

[[package]]
name = "miniz_oxide"
version = "0.8.9"
source = "registry+https://github.com/rust-lang/crates.io-index"
checksum = "1fa76a2c86f704bdb222d66965fb3d63269ce38518b83cb0575fca855ebb6316"
dependencies = [
 "adler2",
 "simd-adler32",
]

[[package]]
name = "nohash"
version = "0.2.0"
source = "registry+https://github.com/rust-lang/crates.io-index"
checksum = "a0f889fb66f7acdf83442c35775764b51fed3c606ab9cee51500dbde2cf528ca"

[[package]]
name = "num-traits"
version = "0.2.19"
source = "registry+https://github.com/rust-lang/crates.io-index"
checksum = "071dfc062690e90b734c0b2273ce72ad0ffa95f0c74596bc250dcfd960262841"
dependencies = [
 "autocfg",
]

[[package]]
name = "once_cell"
version = "1.21.4"
source = "registry+https://github.com/rust-lang/crates.io-index"
checksum = "9f7c3e4beb33f85d45ae3e3a1792185706c8e16d043238c593331cc7cd313b50"
dependencies = [
 "critical-section",
 "portable-atomic",
]

[[package]]
name = "pagination-packing"
version = "2.1.3"
source = "registry+https://github.com/rust-lang/crates.io-index"
checksum = "fee2531e9fa461274702c7fca3ad82af33297de093c323ec36bbc2fb2091953b"

[[package]]
name = "png"
version = "0.17.16"
source = "registry+https://github.com/rust-lang/crates.io-index"
checksum = "82151a2fc869e011c153adc57cf2789ccb8d9906ce52c0b39a6b5697749d7526"
dependencies = [
 "bitflags 1.3.2",
 "crc32fast",
 "fdeflate",
 "flate2",
 "miniz_oxide",
]

[[package]]
name = "portable-atomic"
version = "1.13.1"
source = "registry+https://github.com/rust-lang/crates.io-index"
checksum = "c33a9471896f1c69cecef8d20cbe2f7accd12527ce60845ff44c153bb2a21b49"

[[package]]
name = "postcard"
version = "1.1.3"
source = "registry+https://github.com/rust-lang/crates.io-index"
checksum = "6764c3b5dd454e283a30e6dfe78e9b31096d9e32036b5d1eaac7a6119ccb9a24"
dependencies = [
 "cobs",
 "embedded-io 0.4.0",
 "embedded-io 0.6.1",
 "serde",
]

[[package]]
name = "proc-macro-error-attr2"
version = "2.0.0"
source = "registry+https://github.com/rust-lang/crates.io-index"
checksum = "96de42df36bb9bba5542fe9f1a054b8cc87e172759a1868aa05c1f3acc89dfc5"
dependencies = [
 "proc-macro2",
 "quote",
]

[[package]]
name = "proc-macro-error2"
version = "2.0.1"
source = "registry+https://github.com/rust-lang/crates.io-index"
checksum = "11ec05c52be0a07b08061f7dd003e7d7092e0472bc731b4af7bb1ef876109802"
dependencies = [
 "proc-macro-error-attr2",
 "proc-macro2",
 "quote",
]

[[package]]
name = "proc-macro2"
version = "1.0.106"
source = "registry+https://github.com/rust-lang/crates.io-index"
checksum = "8fd00f0bb2e90d81d1044c2b32617f68fcb9fa3bb7640c23e9c748e53fb30934"
dependencies = [
 "unicode-ident",
]

[[package]]
name = "qrcodegen-no-heap"
version = "1.8.1"
source = "registry+https://github.com/rust-lang/crates.io-index"
checksum = "d0e2c0bf8be8a1c4a4f48973dabf26943f05da2bfc2d3180aae62409dbba6f0c"

[[package]]
name = "quote"
version = "1.0.45"
source = "registry+https://github.com/rust-lang/crates.io-index"
checksum = "41f2619966050689382d2b44f664f4bc593e129785a36d6ee376ddf37259b924"
dependencies = [
 "proc-macro2",
]

[[package]]
name = "rustc-hash"
version = "2.1.2"
source = "registry+https://github.com/rust-lang/crates.io-index"
checksum = "94300abf3f1ae2e2b8ffb7b58043de3d399c73fa6f4b73826402a5c457614dbe"

[[package]]
name = "serde"
version = "1.0.228"
source = "registry+https://github.com/rust-lang/crates.io-index"
checksum = "9a8e94ea7f378bd32cbbd37198a4a91436180c5bb472411e48b5ec2e2124ae9e"
dependencies = [
 "serde_core",
 "serde_derive",
]

[[package]]
name = "serde_core"
version = "1.0.228"
source = "registry+https://github.com/rust-lang/crates.io-index"
checksum = "41d385c7d4ca58e59fc732af25c3983b67ac852c1a25000afe1175de458b67ad"
dependencies = [
 "serde_derive",
]

[[package]]
name = "serde_derive"
version = "1.0.228"
source = "registry+https://github.com/rust-lang/crates.io-index"
checksum = "d540f220d3187173da220f885ab66608367b6574e925011a9353e4badda91d79"
dependencies = [
 "proc-macro2",
 "quote",
 "syn",
]

[[package]]
name = "simd-adler32"
version = "0.3.9"
source = "registry+https://github.com/rust-lang/crates.io-index"
checksum = "703d5c7ef118737c72f1af64ad2f6f8c5e1921f818cdcb97b8fe6fc69bf66214"

[[package]]
name = "snafu"
version = "0.8.9"
source = "registry+https://github.com/rust-lang/crates.io-index"
checksum = "6e84b3f4eacbf3a1ce05eac6763b4d629d60cbc94d632e4092c54ade71f1e1a2"
dependencies = [
 "snafu-derive",
]

[[package]]
name = "snafu-derive"
version = "0.8.9"
source = "registry+https://github.com/rust-lang/crates.io-index"
checksum = "c1c97747dbf44bb1ca44a561ece23508e99cb592e862f22222dcf42f51d1e451"
dependencies = [
 "heck",
 "proc-macro2",
 "quote",
 "syn",
]

[[package]]
name = "syn"
version = "2.0.117"
source = "registry+https://github.com/rust-lang/crates.io-index"
checksum = "e665b8803e7b1d2a727f4023456bbbbe74da67099c585258af0ad9c5013b9b99"
dependencies = [
 "proc-macro2",
 "quote",
 "unicode-ident",
]

[[package]]
name = "thiserror"
version = "2.0.18"
source = "registry+https://github.com/rust-lang/crates.io-index"
checksum = "4288b5bcbc7920c07a1149a35cf9590a2aa808e0bc1eafaade0b80947865fbc4"
dependencies = [
 "thiserror-impl",
]

[[package]]
name = "thiserror-impl"
version = "2.0.18"
source = "registry+https://github.com/rust-lang/crates.io-index"
checksum = "ebc4ee7f67670e9b64d05fa4253e753e016c6c95ff35b89b7941d6b856dec1d5"
dependencies = [
 "proc-macro2",
 "quote",
 "syn",
]

[[package]]
name = "ttf-parser"
version = "0.21.1"
source = "registry+https://github.com/rust-lang/crates.io-index"
checksum = "2c591d83f69777866b9126b24c6dd9a18351f177e49d625920d19f989fd31cf8"

[[package]]
name = "typewit"
version = "1.15.2"
source = "registry+https://github.com/rust-lang/crates.io-index"
checksum = "214ca0b2191785cbc06209b9ca1861e048e39b5ba33574b3cedd58363d5bb5f6"
dependencies = [
 "typewit_proc_macros",
]

[[package]]
name = "typewit_proc_macros"
version = "1.8.1"
source = "registry+https://github.com/rust-lang/crates.io-index"
checksum = "e36a83ea2b3c704935a01b4642946aadd445cea40b10935e3f8bd8052b8193d6"

[[package]]
name = "unicode-ident"
version = "1.0.24"
source = "registry+https://github.com/rust-lang/crates.io-index"
checksum = "e6e4313cd5fcd3dad5cafa179702e2b244f760991f45397d14d4ebf38247da75"
